
Microsoft Visual Studio Solution File, Format Version 12.00
# Visual Studio Version 16
VisualStudioVersion = 16.0.31515.178
MinimumVisualStudioVersion = 10.0.40219.1
Project("{FAE04EC0-301F-11D3-BF4B-00C04F79EFBC}") = "HW1", "HW1\HW1.csproj", "{1562D9F7-6120-4B8A-BF46-7136B5BAD9A6}"
EndProject
Global
	GlobalSection(SolutionConfigurationPlatforms) = preSolution
		Debug|Any CPU = Debug|Any CPU
		Release|Any CPU = Release|Any CPU
	EndGlobalSection
	GlobalSection(ProjectConfigurationPlatforms) = postSolution
		{1562D9F7-6120-4B8A-BF46-7136B5BAD9A6}.Debug|Any CPU.ActiveCfg = Debug|Any CPU
		{1562D9F7-6120-4B8A-BF46-7136B5BAD9A6}.Debug|Any CPU.Build.0 = Debug|Any CPU
		{1562D9F7-6120-4B8A-BF46-7136B5BAD9A6}.Release|Any CPU.ActiveCfg = Release|Any CPU
		{1562D9F7-6120-4B8A-BF46-7136B5BAD9A6}.Release|Any CPU.Build.0 = Release|Any CPU
	EndGlobalSection
	GlobalSection(SolutionProperties) = preSolution
		HideSolutionNode = FALSE
	EndGlobalSection
	GlobalSection(ExtensibilityGlobals) = postSolution
		SolutionGuid = {FB722846-B0FF-4BE0-A2ED-7C088053A9BD}
	EndGlobalSection
EndGlobal
